
Microsoft Visual Studio Solution File, Format Version 12.00
# Visual Studio Version 17
VisualStudioVersion = 17.12.35707.178
MinimumVisualStudioVersion = 10.0.40219.1
Project("{2150E333-8FDC-42A3-9474-1A3956D46DE8}") = "MS.Customer", "MS.Customer", "{14A0535F-7367-4E3E-B8B6-4084C088E744}"
EndProject
Project("{2150E333-8FDC-42A3-9474-1A3956D46DE8}") = "MS.Customer.API", "MS.Customer.API", "{245590DE-7E7C-4F5F-B917-E5C652140D99}"
EndProject
Project("{FAE04EC0-301F-11D3-BF4B-00C04F79EFBC}") = "MS.Customer.API", "MS.Customer.API\MS.Customer.API.csproj", "{04A155FE-EDE7-4AAE-B895-CC804208CF44}"
EndProject
Project("{2150E333-8FDC-42A3-9474-1A3956D46DE8}") = "MS.Customer.Application", "MS.Customer.Application", "{FDFE7DE4-AB8C-4F42-B3C2-073E403C6588}"
EndProject
Project("{2150E333-8FDC-42A3-9474-1A3956D46DE8}") = "MS.Customer.Infrastructure", "MS.Customer.Infrastructure", "{CEC25BB2-0DC3-40CF-9B7C-EC68464DE29C}"
EndProject
Project("{2150E333-8FDC-42A3-9474-1A3956D46DE8}") = "MS.Customer.Domain", "MS.Customer.Domain", "{B042CE26-DE2B-4FB8-ABF0-E97041CA62A6}"
EndProject
Project("{2150E333-8FDC-42A3-9474-1A3956D46DE8}") = "MS.Product", "MS.Product", "{74E3BC8F-4978-4E48-A73B-6138C6107446}"
EndProject
Project("{2150E333-8FDC-42A3-9474-1A3956D46DE8}") = "MS.Product.Infrastructure", "MS.Product.Infrastructure", "{EBDFFE62-A44F-4C16-ACDB-CC521AFC0F9D}"
EndProject
Project("{2150E333-8FDC-42A3-9474-1A3956D46DE8}") = "MS.Product.Domain", "MS.Product.Domain", "{F1A026E1-65E0-4BC3-94C2-D95E4C08468D}"
EndProject
Project("{2150E333-8FDC-42A3-9474-1A3956D46DE8}") = "MS.Product.API", "MS.Product.API", "{475234AF-3D2A-4EFB-BB7E-EF64CFB778A1}"
EndProject
Project("{2150E333-8FDC-42A3-9474-1A3956D46DE8}") = "MS.Product.Application", "MS.Product.Application", "{B24ECBE2-3206-4BA8-84E8-7AE9651D23B2}"
EndProject
Project("{FAE04EC0-301F-11D3-BF4B-00C04F79EFBC}") = "MS.Product.API", "MS.Product.API\MS.Product.API.csproj", "{5B426559-E6E4-46F6-82F3-21596AFEF2DB}"
EndProject
Project("{FAE04EC0-301F-11D3-BF4B-00C04F79EFBC}") = "MS.Product.Application", "MS.Product.Application\MS.Product.Application.csproj", "{52D67BAE-C821-4D16-B128-FB37419288FF}"
EndProject
Project("{FAE04EC0-301F-11D3-BF4B-00C04F79EFBC}") = "MS.Product.Domain", "MS.Product.Domain\MS.Product.Domain.csproj", "{3DCD2A7A-C057-430E-9107-1EE42F1122DB}"
EndProject
Project("{FAE04EC0-301F-11D3-BF4B-00C04F79EFBC}") = "MSProduct.Infrastructure", "MS.Product.Infrastructure\MSProduct.Infrastructure.csproj", "{9D0C0D46-826B-4E83-9947-43D1DDFEEF3B}"
EndProject
Project("{FAE04EC0-301F-11D3-BF4B-00C04F79EFBC}") = "MS.Customer.Domain", "MSCustomer.Domain\MS.Customer.Domain.csproj", "{872B568D-9D24-41F1-BF7C-0684566783DB}"
EndProject
Project("{FAE04EC0-301F-11D3-BF4B-00C04F79EFBC}") = "MS.Customer.Infrastructure", "MS.Customer.Infrastructure\MS.Customer.Infrastructure.csproj", "{5145F441-D93E-4B86-8C1D-3D593CAEA76D}"
EndProject
Project("{FAE04EC0-301F-11D3-BF4B-00C04F79EFBC}") = "MS.Customer.Application", "MS.Customer.Application\MS.Customer.Application.csproj", "{C4B2E18B-3F46-457E-8923-DFA56C1CEFF4}"
EndProject
Project("{2150E333-8FDC-42A3-9474-1A3956D46DE8}") = "MS.Order", "MS.Order", "{B4ED8FB4-FB0E-49E2-93EC-9E6957408A21}"
EndProject
Project("{2150E333-8FDC-42A3-9474-1A3956D46DE8}") = "MS.Order.API", "MS.Order.API", "{31296399-8164-40CD-A419-AA6C2786D6D6}"
EndProject
Project("{2150E333-8FDC-42A3-9474-1A3956D46DE8}") = "MS.Order.Application", "MS.Order.Application", "{BBD0B023-C065-40FB-B865-FE9391778230}"
EndProject
Project("{2150E333-8FDC-42A3-9474-1A3956D46DE8}") = "MS.Order.Domain", "MS.Order.Domain", "{EA03B155-F29F-43BF-B820-62A29922BAE1}"
EndProject
Project("{2150E333-8FDC-42A3-9474-1A3956D46DE8}") = "MS.Order.Infrastructure", "MS.Order.Infrastructure", "{D5781F1D-5E14-4290-B74C-9E0DF7F615F7}"
EndProject
Project("{FAE04EC0-301F-11D3-BF4B-00C04F79EFBC}") = "MS.Order.Domain", "MS.Order.Domain\MS.Order.Domain.csproj", "{9F0DDBC4-BC3A-467F-9220-705C81247AD9}"
EndProject
Project("{FAE04EC0-301F-11D3-BF4B-00C04F79EFBC}") = "MS.Order.Infrastructure", "MS.Order.Infrastructure\MS.Order.Infrastructure.csproj", "{9D90E3E8-4EE1-4A83-B221-CAEA55B819B9}"
EndProject
Project("{FAE04EC0-301F-11D3-BF4B-00C04F79EFBC}") = "MS.Order.Application", "MS.Order.Application\MS.Order.Application.csproj", "{BA612B11-D4E0-476F-8F55-AB4A935F3D86}"
EndProject
Project("{FAE04EC0-301F-11D3-BF4B-00C04F79EFBC}") = "MS.Order.API", "MS.Order.API\MS.Order.API.csproj", "{0F881A08-9AF3-473E-ACC9-55EA27075292}"
EndProject
Project("{2150E333-8FDC-42A3-9474-1A3956D46DE8}") = "React", "React", "{D7F5F1F7-0AC6-494D-BAA5-2F2E289FC71C}"
EndProject
Project("{54A90642-561A-4BB1-A94E-469ADEE60C69}") = "laboratoriofront", "LaboratorioFront\laboratoriofront.esproj", "{24F15212-50B9-40EF-8228-F6C2FFD4DAD5}"
EndProject
Global
	GlobalSection(SolutionConfigurationPlatforms) = preSolution
		Debug|Any CPU = Debug|Any CPU
		Release|Any CPU = Release|Any CPU
	EndGlobalSection
	GlobalSection(ProjectConfigurationPlatforms) = postSolution
		{04A155FE-EDE7-4AAE-B895-CC804208CF44}.Debug|Any CPU.ActiveCfg = Debug|Any CPU
		{04A155FE-EDE7-4AAE-B895-CC804208CF44}.Debug|Any CPU.Build.0 = Debug|Any CPU
		{04A155FE-EDE7-4AAE-B895-CC804208CF44}.Release|Any CPU.ActiveCfg = Release|Any CPU
		{04A155FE-EDE7-4AAE-B895-CC804208CF44}.Release|Any CPU.Build.0 = Release|Any CPU
		{5B426559-E6E4-46F6-82F3-21596AFEF2DB}.Debug|Any CPU.ActiveCfg = Debug|Any CPU
		{5B426559-E6E4-46F6-82F3-21596AFEF2DB}.Debug|Any CPU.Build.0 = Debug|Any CPU
		{5B426559-E6E4-46F6-82F3-21596AFEF2DB}.Release|Any CPU.ActiveCfg = Release|Any CPU
		{5B426559-E6E4-46F6-82F3-21596AFEF2DB}.Release|Any CPU.Build.0 = Release|Any CPU
		{52D67BAE-C821-4D16-B128-FB37419288FF}.Debug|Any CPU.ActiveCfg = Debug|Any CPU
		{52D67BAE-C821-4D16-B128-FB37419288FF}.Debug|Any CPU.Build.0 = Debug|Any CPU
		{52D67BAE-C821-4D16-B128-FB37419288FF}.Release|Any CPU.ActiveCfg = Release|Any CPU
		{52D67BAE-C821-4D16-B128-FB37419288FF}.Release|Any CPU.Build.0 = Release|Any CPU
		{3DCD2A7A-C057-430E-9107-1EE42F1122DB}.Debug|Any CPU.ActiveCfg = Debug|Any CPU
		{3DCD2A7A-C057-430E-9107-1EE42F1122DB}.Debug|Any CPU.Build.0 = Debug|Any CPU
		{3DCD2A7A-C057-430E-9107-1EE42F1122DB}.Release|Any CPU.ActiveCfg = Release|Any CPU
		{3DCD2A7A-C057-430E-9107-1EE42F1122DB}.Release|Any CPU.Build.0 = Release|Any CPU
		{9D0C0D46-826B-4E83-9947-43D1DDFEEF3B}.Debug|Any CPU.ActiveCfg = Debug|Any CPU
		{9D0C0D46-826B-4E83-9947-43D1DDFEEF3B}.Debug|Any CPU.Build.0 = Debug|Any CPU
		{9D0C0D46-826B-4E83-9947-43D1DDFEEF3B}.Release|Any CPU.ActiveCfg = Release|Any CPU
		{9D0C0D46-826B-4E83-9947-43D1DDFEEF3B}.Release|Any CPU.Build.0 = Release|Any CPU
		{872B568D-9D24-41F1-BF7C-0684566783DB}.Debug|Any CPU.ActiveCfg = Debug|Any CPU
		{872B568D-9D24-41F1-BF7C-0684566783DB}.Debug|Any CPU.Build.0 = Debug|Any CPU
		{872B568D-9D24-41F1-BF7C-0684566783DB}.Release|Any CPU.ActiveCfg = Release|Any CPU
		{872B568D-9D24-41F1-BF7C-0684566783DB}.Release|Any CPU.Build.0 = Release|Any CPU
		{5145F441-D93E-4B86-8C1D-3D593CAEA76D}.Debug|Any CPU.ActiveCfg = Debug|Any CPU
		{5145F441-D93E-4B86-8C1D-3D593CAEA76D}.Debug|Any CPU.Build.0 = Debug|Any CPU
		{5145F441-D93E-4B86-8C1D-3D593CAEA76D}.Release|Any CPU.ActiveCfg = Release|Any CPU
		{5145F441-D93E-4B86-8C1D-3D593CAEA76D}.Release|Any CPU.Build.0 = Release|Any CPU
		{C4B2E18B-3F46-457E-8923-DFA56C1CEFF4}.Debug|Any CPU.ActiveCfg = Debug|Any CPU
		{C4B2E18B-3F46-457E-8923-DFA56C1CEFF4}.Debug|Any CPU.Build.0 = Debug|Any CPU
		{C4B2E18B-3F46-457E-8923-DFA56C1CEFF4}.Release|Any CPU.ActiveCfg = Release|Any CPU
		{C4B2E18B-3F46-457E-8923-DFA56C1CEFF4}.Release|Any CPU.Build.0 = Release|Any CPU
		{9F0DDBC4-BC3A-467F-9220-705C81247AD9}.Debug|Any CPU.ActiveCfg = Debug|Any CPU
		{9F0DDBC4-BC3A-467F-9220-705C81247AD9}.Debug|Any CPU.Build.0 = Debug|Any CPU
		{9F0DDBC4-BC3A-467F-9220-705C81247AD9}.Release|Any CPU.ActiveCfg = Release|Any CPU
		{9F0DDBC4-BC3A-467F-9220-705C81247AD9}.Release|Any CPU.Build.0 = Release|Any CPU
		{9D90E3E8-4EE1-4A83-B221-CAEA55B819B9}.Debug|Any CPU.ActiveCfg = Debug|Any CPU
		{9D90E3E8-4EE1-4A83-B221-CAEA55B819B9}.Debug|Any CPU.Build.0 = Debug|Any CPU
		{9D90E3E8-4EE1-4A83-B221-CAEA55B819B9}.Release|Any CPU.ActiveCfg = Release|Any CPU
		{9D90E3E8-4EE1-4A83-B221-CAEA55B819B9}.Release|Any CPU.Build.0 = Release|Any CPU
		{BA612B11-D4E0-476F-8F55-AB4A935F3D86}.Debug|Any CPU.ActiveCfg = Debug|Any CPU
		{BA612B11-D4E0-476F-8F55-AB4A935F3D86}.Debug|Any CPU.Build.0 = Debug|Any CPU
		{BA612B11-D4E0-476F-8F55-AB4A935F3D86}.Release|Any CPU.ActiveCfg = Release|Any CPU
		{BA612B11-D4E0-476F-8F55-AB4A935F3D86}.Release|Any CPU.Build.0 = Release|Any CPU
		{0F881A08-9AF3-473E-ACC9-55EA27075292}.Debug|Any CPU.ActiveCfg = Debug|Any CPU
		{0F881A08-9AF3-473E-ACC9-55EA27075292}.Debug|Any CPU.Build.0 = Debug|Any CPU
		{0F881A08-9AF3-473E-ACC9-55EA27075292}.Release|Any CPU.ActiveCfg = Release|Any CPU
		{0F881A08-9AF3-473E-ACC9-55EA27075292}.Release|Any CPU.Build.0 = Release|Any CPU
		{24F15212-50B9-40EF-8228-F6C2FFD4DAD5}.Debug|Any CPU.ActiveCfg = Debug|Any CPU
		{24F15212-50B9-40EF-8228-F6C2FFD4DAD5}.Debug|Any CPU.Build.0 = Debug|Any CPU
		{24F15212-50B9-40EF-8228-F6C2FFD4DAD5}.Debug|Any CPU.Deploy.0 = Debug|Any CPU
		{24F15212-50B9-40EF-8228-F6C2FFD4DAD5}.Release|Any CPU.ActiveCfg = Release|Any CPU
		{24F15212-50B9-40EF-8228-F6C2FFD4DAD5}.Release|Any CPU.Build.0 = Release|Any CPU
		{24F15212-50B9-40EF-8228-F6C2FFD4DAD5}.Release|Any CPU.Deploy.0 = Release|Any CPU
	EndGlobalSection
	GlobalSection(SolutionProperties) = preSolution
		HideSolutionNode = FALSE
	EndGlobalSection
	GlobalSection(NestedProjects) = preSolution
		{245590DE-7E7C-4F5F-B917-E5C652140D99} = {14A0535F-7367-4E3E-B8B6-4084C088E744}
		{04A155FE-EDE7-4AAE-B895-CC804208CF44} = {245590DE-7E7C-4F5F-B917-E5C652140D99}
		{FDFE7DE4-AB8C-4F42-B3C2-073E403C6588} = {14A0535F-7367-4E3E-B8B6-4084C088E744}
		{CEC25BB2-0DC3-40CF-9B7C-EC68464DE29C} = {14A0535F-7367-4E3E-B8B6-4084C088E744}
		{B042CE26-DE2B-4FB8-ABF0-E97041CA62A6} = {14A0535F-7367-4E3E-B8B6-4084C088E744}
		{EBDFFE62-A44F-4C16-ACDB-CC521AFC0F9D} = {74E3BC8F-4978-4E48-A73B-6138C6107446}
		{F1A026E1-65E0-4BC3-94C2-D95E4C08468D} = {74E3BC8F-4978-4E48-A73B-6138C6107446}
		{475234AF-3D2A-4EFB-BB7E-EF64CFB778A1} = {74E3BC8F-4978-4E48-A73B-6138C6107446}
		{B24ECBE2-3206-4BA8-84E8-7AE9651D23B2} = {74E3BC8F-4978-4E48-A73B-6138C6107446}
		{5B426559-E6E4-46F6-82F3-21596AFEF2DB} = {475234AF-3D2A-4EFB-BB7E-EF64CFB778A1}
		{52D67BAE-C821-4D16-B128-FB37419288FF} = {B24ECBE2-3206-4BA8-84E8-7AE9651D23B2}
		{3DCD2A7A-C057-430E-9107-1EE42F1122DB} = {F1A026E1-65E0-4BC3-94C2-D95E4C08468D}
		{9D0C0D46-826B-4E83-9947-43D1DDFEEF3B} = {EBDFFE62-A44F-4C16-ACDB-CC521AFC0F9D}
		{872B568D-9D24-41F1-BF7C-0684566783DB} = {B042CE26-DE2B-4FB8-ABF0-E97041CA62A6}
		{5145F441-D93E-4B86-8C1D-3D593CAEA76D} = {CEC25BB2-0DC3-40CF-9B7C-EC68464DE29C}
		{C4B2E18B-3F46-457E-8923-DFA56C1CEFF4} = {FDFE7DE4-AB8C-4F42-B3C2-073E403C6588}
		{31296399-8164-40CD-A419-AA6C2786D6D6} = {B4ED8FB4-FB0E-49E2-93EC-9E6957408A21}
		{BBD0B023-C065-40FB-B865-FE9391778230} = {B4ED8FB4-FB0E-49E2-93EC-9E6957408A21}
		{EA03B155-F29F-43BF-B820-62A29922BAE1} = {B4ED8FB4-FB0E-49E2-93EC-9E6957408A21}
		{D5781F1D-5E14-4290-B74C-9E0DF7F615F7} = {B4ED8FB4-FB0E-49E2-93EC-9E6957408A21}
		{9F0DDBC4-BC3A-467F-9220-705C81247AD9} = {EA03B155-F29F-43BF-B820-62A29922BAE1}
		{9D90E3E8-4EE1-4A83-B221-CAEA55B819B9} = {D5781F1D-5E14-4290-B74C-9E0DF7F615F7}
		{BA612B11-D4E0-476F-8F55-AB4A935F3D86} = {BBD0B023-C065-40FB-B865-FE9391778230}
		{0F881A08-9AF3-473E-ACC9-55EA27075292} = {31296399-8164-40CD-A419-AA6C2786D6D6}
		{24F15212-50B9-40EF-8228-F6C2FFD4DAD5} = {D7F5F1F7-0AC6-494D-BAA5-2F2E289FC71C}
	EndGlobalSection
EndGlobal
